// !$*UTF8*$!
{
	archiveVersion = 1;
	classes = {
	};
	objectVersion = 50;
	objects = {

/* Begin PBXBuildFile section */
		963D2EAC90155E507D59D7C6 /* Pods_TestApp.framework in Frameworks */ = {isa = PBXBuildFile; fileRef = DBCF8C99066E2B1CFDDCD766 /* Pods_TestApp.framework */; };
		BD49250820F501D8003B2F1B /* AppDelegate.swift in Sources */ = {isa = PBXBuildFile; fileRef = BD49250720F501D8003B2F1B /* AppDelegate.swift */; };
		BD49250A20F501D8003B2F1B /* ViewController.swift in Sources */ = {isa = PBXBuildFile; fileRef = BD49250920F501D8003B2F1B /* ViewController.swift */; };
		BD49250D20F501D8003B2F1B /* Main.storyboard in Resources */ = {isa = PBXBuildFile; fileRef = BD49250B20F501D8003B2F1B /* Main.storyboard */; };
		BD49250F20F501DB003B2F1B /* Assets.xcassets in Resources */ = {isa = PBXBuildFile; fileRef = BD49250E20F501DB003B2F1B /* Assets.xcassets */; };
		BD49251220F501DB003B2F1B /* LaunchScreen.storyboard in Resources */ = {isa = PBXBuildFile; fileRef = BD49251020F501DB003B2F1B /* LaunchScreen.storyboard */; };
		BDB6261620F5098C00A41040 /* TreeItem.swift in Sources */ = {isa = PBXBuildFile; fileRef = BDB6261520F5098C00A41040 /* TreeItem.swift */; };
		BDB6261820F50E0A00A41040 /* ItemParser.swift in Sources */ = {isa = PBXBuildFile; fileRef = BDB6261720F50E0A00A41040 /* ItemParser.swift */; };
/* End PBXBuildFile section */

/* Begin PBXFileReference section */
		2A33EE3A5CF3570E1950766E /* Pods-TestApp.release.xcconfig */ = {isa = PBXFileReference; includeInIndex = 1; lastKnownFileType = text.xcconfig; name = "Pods-TestApp.release.xcconfig"; path = "Pods/Target Support Files/Pods-TestApp/Pods-TestApp.release.xcconfig"; sourceTree = "<group>"; };
		BD49250420F501D8003B2F1B /* TestApp.app */ = {isa = PBXFileReference; explicitFileType = wrapper.application; includeInIndex = 0; path = TestApp.app; sourceTree = BUILT_PRODUCTS_DIR; };
		BD49250720F501D8003B2F1B /* AppDelegate.swift */ = {isa = PBXFileReference; lastKnownFileType = sourcecode.swift; path = AppDelegate.swift; sourceTree = "<group>"; };
		BD49250920F501D8003B2F1B /* ViewController.swift */ = {isa = PBXFileReference; lastKnownFileType = sourcecode.swift; path = ViewController.swift; sourceTree = "<group>"; };
		BD49250C20F501D8003B2F1B /* Base */ = {isa = PBXFileReference; lastKnownFileType = file.storyboard; name = Base; path = Base.lproj/Main.storyboard; sourceTree = "<group>"; };
		BD49250E20F501DB003B2F1B /* Assets.xcassets */ = {isa = PBXFileReference; lastKnownFileType = folder.assetcatalog; path = Assets.xcassets; sourceTree = "<group>"; };
		BD49251120F501DB003B2F1B /* Base */ = {isa = PBXFileReference; lastKnownFileType = file.storyboard; name = Base; path = Base.lproj/LaunchScreen.storyboard; sourceTree = "<group>"; };
		BD49251320F501DB003B2F1B /* Info.plist */ = {isa = PBXFileReference; lastKnownFileType = text.plist.xml; path = Info.plist; sourceTree = "<group>"; };
		BDB6261520F5098C00A41040 /* TreeItem.swift */ = {isa = PBXFileReference; lastKnownFileType = sourcecode.swift; path = TreeItem.swift; sourceTree = "<group>"; };
		BDB6261720F50E0A00A41040 /* ItemParser.swift */ = {isa = PBXFileReference; lastKnownFileType = sourcecode.swift; path = ItemParser.swift; sourceTree = "<group>"; };
		DBCF8C99066E2B1CFDDCD766 /* Pods_TestApp.framework */ = {isa = PBXFileReference; explicitFileType = wrapper.framework; includeInIndex = 0; path = Pods_TestApp.framework; sourceTree = BUILT_PRODUCTS_DIR; };
		E1A5EB91B3365C9CCA79A78B /* Pods-TestApp.debug.xcconfig */ = {isa = PBXFileReference; includeInIndex = 1; lastKnownFileType = text.xcconfig; name = "Pods-TestApp.debug.xcconfig"; path = "Pods/Target Support Files/Pods-TestApp/Pods-TestApp.debug.xcconfig"; sourceTree = "<group>"; };
/* End PBXFileReference section */

/* Begin PBXFrameworksBuildPhase section */
		BD49250120F501D8003B2F1B /* Frameworks */ = {
			isa = PBXFrameworksBuildPhase;
			buildActionMask = 2147483647;
			files = (
				963D2EAC90155E507D59D7C6 /* Pods_TestApp.framework in Frameworks */,
			);
			runOnlyForDeploymentPostprocessing = 0;
		};
/* End PBXFrameworksBuildPhase section */

/* Begin PBXGroup section */
		772DD49F112EA4613732BF89 /* Pods */ = {
			isa = PBXGroup;
			children = (
				E1A5EB91B3365C9CCA79A78B /* Pods-TestApp.debug.xcconfig */,
				2A33EE3A5CF3570E1950766E /* Pods-TestApp.release.xcconfig */,
			);
			name = Pods;
			sourceTree = "<group>";
		};
		BD4924FB20F501D8003B2F1B = {
			isa = PBXGroup;
			children = (
				BD49250620F501D8003B2F1B /* TestApp */,
				BD49250520F501D8003B2F1B /* Products */,
				772DD49F112EA4613732BF89 /* Pods */,
				C57FD0F4128FEC07C87B34EA /* Frameworks */,
			);
			sourceTree = "<group>";
		};
		BD49250520F501D8003B2F1B /* Products */ = {
			isa = PBXGroup;
			children = (
				BD49250420F501D8003B2F1B /* TestApp.app */,
			);
			name = Products;
			sourceTree = "<group>";
		};
		BD49250620F501D8003B2F1B /* TestApp */ = {
			isa = PBXGroup;
			children = (
				BD49250720F501D8003B2F1B /* AppDelegate.swift */,
				BD49250920F501D8003B2F1B /* ViewController.swift */,
				BD49250B20F501D8003B2F1B /* Main.storyboard */,
				BD49250E20F501DB003B2F1B /* Assets.xcassets */,
				BD49251020F501DB003B2F1B /* LaunchScreen.storyboard */,
				BD49251320F501DB003B2F1B /* Info.plist */,
				BDB6261520F5098C00A41040 /* TreeItem.swift */,
				BDB6261720F50E0A00A41040 /* ItemParser.swift */,
			);
			path = TestApp;
			sourceTree = "<group>";
		};
		C57FD0F4128FEC07C87B34EA /* Frameworks */ = {
			isa = PBXGroup;
			children = (
				DBCF8C99066E2B1CFDDCD766 /* Pods_TestApp.framework */,
			);
			name = Frameworks;
			sourceTree = "<group>";
		};
/* End PBXGroup section */

/* Begin PBXNativeTarget section */
		BD49250320F501D8003B2F1B /* TestApp */ = {
			isa = PBXNativeTarget;
			buildConfigurationList = BD49251620F501DB003B2F1B /* Build configuration list for PBXNativeTarget "TestApp" */;
			buildPhases = (
				DDDE964ACE2AA2A07A601449 /* [CP] Check Pods Manifest.lock */,
				BD49250020F501D8003B2F1B /* Sources */,
				BD49250120F501D8003B2F1B /* Frameworks */,
				BD49250220F501D8003B2F1B /* Resources */,
				1EEE65A0B7C83567D3AC7F13 /* [CP] Embed Pods Frameworks */,
			);
			buildRules = (
			);
			dependencies = (
			);
			name = TestApp;
			productName = TestApp;
			productReference = BD49250420F501D8003B2F1B /* TestApp.app */;
			productType = "com.apple.product-type.application";
		};
/* End PBXNativeTarget section */

/* Begin PBXProject section */
		BD4924FC20F501D8003B2F1B /* Project object */ = {
			isa = PBXProject;
			attributes = {
				LastSwiftUpdateCheck = 0930;
				LastUpgradeCheck = 0930;
				ORGANIZATIONNAME = "some org";
				TargetAttributes = {
					BD49250320F501D8003B2F1B = {
						CreatedOnToolsVersion = 9.3.1;
					};
				};
			};
			buildConfigurationList = BD4924FF20F501D8003B2F1B /* Build configuration list for PBXProject "TestApp" */;
			compatibilityVersion = "Xcode 9.3";
			developmentRegion = en;
			hasScannedForEncodings = 0;
			knownRegions = (
				en,
				Base,
			);
			mainGroup = BD4924FB20F501D8003B2F1B;
			productRefGroup = BD49250520F501D8003B2F1B /* Products */;
			projectDirPath = "";
			projectRoot = "";
			targets = (
				BD49250320F501D8003B2F1B /* TestApp */,
			);
		};
/* End PBXProject section */

/* Begin PBXResourcesBuildPhase section */
		BD49250220F501D8003B2F1B /* Resources */ = {
			isa = PBXResourcesBuildPhase;
			buildActionMask = 2147483647;
			files = (
				BD49251220F501DB003B2F1B /* LaunchScreen.storyboard in Resources */,
				BD49250F20F501DB003B2F1B /* Assets.xcassets in Resources */,
				BD49250D20F501D8003B2F1B /* Main.storyboard in Resources */,
			);
			runOnlyForDeploymentPostprocessing = 0;
		};
/* End PBXResourcesBuildPhase section */

/* Begin PBXShellScriptBuildPhase section */
		1EEE65A0B7C83567D3AC7F13 /* [CP] Embed Pods Frameworks */ = {
			isa = PBXShellScriptBuildPhase;
			buildActionMask = 2147483647;
			files = (
			);
			inputPaths = (
				"${SRCROOT}/Pods/Target Support Files/Pods-TestApp/Pods-TestApp-frameworks.sh",
				"${BUILT_PRODUCTS_DIR}/SwiftyJSON/SwiftyJSON.framework",
			);
			name = "[CP] Embed Pods Frameworks";
			outputPaths = (
				"${TARGET_BUILD_DIR}/${FRAMEWORKS_FOLDER_PATH}/SwiftyJSON.framework",
			);
			runOnlyForDeploymentPostprocessing = 0;
			shellPath = /bin/sh;
			shellScript = "\"${SRCROOT}/Pods/Target Support Files/Pods-TestApp/Pods-TestApp-frameworks.sh\"\n";
			showEnvVarsInLog = 0;
		};
		DDDE964ACE2AA2A07A601449 /* [CP] Check Pods Manifest.lock */ = {
			isa = PBXShellScriptBuildPhase;
			buildActionMask = 2147483647;
			files = (
			);
			inputPaths = (
				"${PODS_PODFILE_DIR_PATH}/Podfile.lock",
				"${PODS_ROOT}/Manifest.lock",
			);
			name = "[CP] Check Pods Manifest.lock";
			outputPaths = (
				"$(DERIVED_FILE_DIR)/Pods-TestApp-checkManifestLockResult.txt",
			);
			runOnlyForDeploymentPostprocessing = 0;
			shellPath = /bin/sh;
			shellScript = "diff \"${PODS_PODFILE_DIR_PATH}/Podfile.lock\" \"${PODS_ROOT}/Manifest.lock\" > /dev/null\nif [ $? != 0 ] ; then\n    # print error to STDERR\n    echo \"error: The sandbox is not in sync with the Podfile.lock. Run 'pod install' or update your CocoaPods installation.\" >&2\n    exit 1\nfi\n# This output is used by Xcode 'outputs' to avoid re-running this script phase.\necho \"SUCCESS\" > \"${SCRIPT_OUTPUT_FILE_0}\"\n";
			showEnvVarsInLog = 0;
		};
/* End PBXShellScriptBuildPhase section */

/* Begin PBXSourcesBuildPhase section */
		BD49250020F501D8003B2F1B /* Sources */ = {
			isa = PBXSourcesBuildPhase;
			buildActionMask = 2147483647;
			files = (
				BD49250A20F501D8003B2F1B /* ViewController.swift in Sources */,
				BDB6261820F50E0A00A41040 /* ItemParser.swift in Sources */,
				BDB6261620F5098C00A41040 /* TreeItem.swift in Sources */,
				BD49250820F501D8003B2F1B /* AppDelegate.swift in Sources */,
			);
			runOnlyForDeploymentPostprocessing = 0;
		};
/* End PBXSourcesBuildPhase section */

/* Begin PBXVariantGroup section */
		BD49250B20F501D8003B2F1B /* Main.storyboard */ = {
			isa = PBXVariantGroup;
			children = (
				BD49250C20F501D8003B2F1B /* Base */,
			);
			name = Main.storyboard;
			sourceTree = "<group>";
		};
		BD49251020F501DB003B2F1B /* LaunchScreen.storyboard */ = {
			isa = PBXVariantGroup;
			children = (
				BD49251120F501DB003B2F1B /* Base */,
			);
			name = LaunchScreen.storyboard;
			sourceTree = "<group>";
		};
/* End PBXVariantGroup section */

/* Begin XCBuildConfiguration section */
		BD49251420F501DB003B2F1B /* Debug */ = {
			isa = XCBuildConfiguration;
			buildSettings = {
				ALWAYS_SEARCH_USER_PATHS = NO;
				CLANG_ANALYZER_NONNULL = YES;
				CLANG_ANALYZER_NUMBER_OBJECT_CONVERSION = YES_AGGRESSIVE;
				CLANG_CXX_LANGUAGE_STANDARD = "gnu++14";
				CLANG_CXX_LIBRARY = "libc++";
				CLANG_ENABLE_MODULES = YES;
				CLANG_ENABLE_OBJC_ARC = YES;
				CLANG_ENABLE_OBJC_WEAK = YES;
				CLANG_WARN_BLOCK_CAPTURE_AUTORELEASING = YES;
				CLANG_WARN_BOOL_CONVERSION = YES;
				CLANG_WARN_COMMA = YES;
				CLANG_WARN_CONSTANT_CONVERSION = YES;
				CLANG_WARN_DEPRECATED_OBJC_IMPLEMENTATIONS = YES;
				CLANG_WARN_DIRECT_OBJC_ISA_USAGE = YES_ERROR;
				CLANG_WARN_DOCUMENTATION_COMMENTS = YES;
				CLANG_WARN_EMPTY_BODY = YES;
				CLANG_WARN_ENUM_CONVERSION = YES;
				CLANG_WARN_INFINITE_RECURSION = YES;
				CLANG_WARN_INT_CONVERSION = YES;
				CLANG_WARN_NON_LITERAL_NULL_CONVERSION = YES;
				CLANG_WARN_OBJC_IMPLICIT_RETAIN_SELF = YES;
				CLANG_WARN_OBJC_LITERAL_CONVERSION = YES;
				CLANG_WARN_OBJC_ROOT_CLASS = YES_ERROR;
				CLANG_WARN_RANGE_LOOP_ANALYSIS = YES;
				CLANG_WARN_STRICT_PROTOTYPES = YES;
				CLANG_WARN_SUSPICIOUS_MOVE = YES;
				CLANG_WARN_UNGUARDED_AVAILABILITY = YES_AGGRESSIVE;
				CLANG_WARN_UNREACHABLE_CODE = YES;
				CLANG_WARN__DUPLICATE_METHOD_MATCH = YES;
				CODE_SIGN_IDENTITY = "iPhone Developer";
				COPY_PHASE_STRIP = NO;
				DEBUG_INFORMATION_FORMAT = dwarf;
				ENABLE_STRICT_OBJC_MSGSEND = YES;
				ENABLE_TESTABILITY = YES;
				GCC_C_LANGUAGE_STANDARD = gnu11;
				GCC_DYNAMIC_NO_PIC = NO;
				GCC_NO_COMMON_BLOCKS = YES;
				GCC_OPTIMIZATION_LEVEL = 0;
				GCC_PREPROCESSOR_DEFINITIONS = (
					"DEBUG=1",
					"$(inherited)",
				);
				GCC_WARN_64_TO_32_BIT_CONVERSION = YES;
				GCC_WARN_ABOUT_RETURN_TYPE = YES_ERROR;
				GCC_WARN_UNDECLARED_SELECTOR = YES;
				GCC_WARN_UNINITIALIZED_AUTOS = YES_AGGRESSIVE;
				GCC_WARN_UNUSED_FUNCTION = YES;
				GCC_WARN_UNUSED_VARIABLE = YES;
				IPHONEOS_DEPLOYMENT_TARGET = 11.3;
				MTL_ENABLE_DEBUG_INFO = YES;
				ONLY_ACTIVE_ARCH = YES;
				SDKROOT = iphoneos;
				SWIFT_ACTIVE_COMPILATION_CONDITIONS = DEBUG;
				SWIFT_OPTIMIZATION_LEVEL = "-Onone";
			};
			name = Debug;
		};
		BD49251520F501DB003B2F1B /* Release */ = {
			isa = XCBuildConfiguration;
			buildSettings = {
				ALWAYS_SEARCH_USER_PATHS = NO;
				CLANG_ANALYZER_NONNULL = YES;
				CLANG_ANALYZER_NUMBER_OBJECT_CONVERSION = YES_AGGRESSIVE;
				CLANG_CXX_LANGUAGE_STANDARD = "gnu++14";
				CLANG_CXX_LIBRARY = "libc++";
				CLANG_ENABLE_MODULES = YES;
				CLANG_ENABLE_OBJC_ARC = YES;
				CLANG_ENABLE_OBJC_WEAK = YES;
				CLANG_WARN_BLOCK_CAPTURE_AUTORELEASING = YES;
				CLANG_WARN_BOOL_CONVERSION = YES;
				CLANG_WARN_COMMA = YES;
				CLANG_WARN_CONSTANT_CONVERSION = YES;
				CLANG_WARN_DEPRECATED_OBJC_IMPLEMENTATIONS = YES;
				CLANG_WARN_DIRECT_OBJC_ISA_USAGE = YES_ERROR;
				CLANG_WARN_DOCUMENTATION_COMMENTS = YES;
				CLANG_WARN_EMPTY_BODY = YES;
				CLANG_WARN_ENUM_CONVERSION = YES;
				CLANG_WARN_INFINITE_RECURSION = YES;
				CLANG_WARN_INT_CONVERSION = YES;
				CLANG_WARN_NON_LITERAL_NULL_CONVERSION = YES;
				CLANG_WARN_OBJC_IMPLICIT_RETAIN_SELF = YES;
				CLANG_WARN_OBJC_LITERAL_CONVERSION = YES;
				CLANG_WARN_OBJC_ROOT_CLASS = YES_ERROR;
				CLANG_WARN_RANGE_LOOP_ANALYSIS = YES;
				CLANG_WARN_STRICT_PROTOTYPES = YES;
				CLANG_WARN_SUSPICIOUS_MOVE = YES;
				CLANG_WARN_UNGUARDED_AVAILABILITY = YES_AGGRESSIVE;
				CLANG_WARN_UNREACHABLE_CODE = YES;
				CLANG_WARN__DUPLICATE_METHOD_MATCH = YES;
				CODE_SIGN_IDENTITY = "iPhone Developer";
				COPY_PHASE_STRIP = NO;
				DEBUG_INFORMATION_FORMAT = "dwarf-with-dsym";
				ENABLE_NS_ASSERTIONS = NO;
				ENABLE_STRICT_OBJC_MSGSEND = YES;
				GCC_C_LANGUAGE_STANDARD = gnu11;
				GCC_NO_COMMON_BLOCKS = YES;
				GCC_WARN_64_TO_32_BIT_CONVERSION = YES;
				GCC_WARN_ABOUT_RETURN_TYPE = YES_ERROR;
				GCC_WARN_UNDECLARED_SELECTOR = YES;
				GCC_WARN_UNINITIALIZED_AUTOS = YES_AGGRESSIVE;
				GCC_WARN_UNUSED_FUNCTION = YES;
				GCC_WARN_UNUSED_VARIABLE = YES;
				IPHONEOS_DEPLOYMENT_TARGET = 11.3;
				MTL_ENABLE_DEBUG_INFO = NO;
				SDKROOT = iphoneos;
				SWIFT_COMPILATION_MODE = wholemodule;
				SWIFT_OPTIMIZATION_LEVEL = "-O";
				VALIDATE_PRODUCT = YES;
			};
			name = Release;
		};
		BD49251720F501DB003B2F1B /* Debug */ = {
			isa = XCBuildConfiguration;
			baseConfigurationReference = E1A5EB91B3365C9CCA79A78B /* Pods-TestApp.debug.xcconfig */;
			buildSettings = {
				ASSETCATALOG_COMPILER_APPICON_NAME = AppIcon;
				CODE_SIGN_STYLE = Automatic;
				INFOPLIST_FILE = TestApp/Info.plist;
				LD_RUNPATH_SEARCH_PATHS = (
					"$(inherited)",
					"@executable_path/Frameworks",
				);
				PRODUCT_BUNDLE_IDENTIFIER = com.organization.TestApp;
				PRODUCT_NAME = "$(TARGET_NAME)";
				SWIFT_VERSION = 4.0;
				TARGETED_DEVICE_FAMILY = "1,2";
			};
			name = Debug;
		};
		BD49251820F501DB003B2F1B /* Release */ = {
			isa = XCBuildConfiguration;
			baseConfigurationReference = 2A33EE3A5CF3570E1950766E /* Pods-TestApp.release.xcconfig */;
			buildSettings = {
				ASSETCATALOG_COMPILER_APPICON_NAME = AppIcon;
				CODE_SIGN_STYLE = Automatic;
				INFOPLIST_FILE = TestApp/Info.plist;
				LD_RUNPATH_SEARCH_PATHS = (
					"$(inherited)",
					"@executable_path/Frameworks",
				);
				PRODUCT_BUNDLE_IDENTIFIER = com.organization.TestApp;
				PRODUCT_NAME = "$(TARGET_NAME)";
				SWIFT_VERSION = 4.0;
				TARGETED_DEVICE_FAMILY = "1,2";
			};
			name = Release;
		};
/* End XCBuildConfiguration section */

/* Begin XCConfigurationList section */
		BD4924FF20F501D8003B2F1B /* Build configuration list for PBXProject "TestApp" */ = {
			isa = XCConfigurationList;
			buildConfigurations = (
				BD49251420F501DB003B2F1B /* Debug */,
				BD49251520F501DB003B2F1B /* Release */,
			);
			defaultConfigurationIsVisible = 0;
			defaultConfigurationName = Release;
		};
		BD49251620F501DB003B2F1B /* Build configuration list for PBXNativeTarget "TestApp" */ = {
			isa = XCConfigurationList;
			buildConfigurations = (
				BD49251720F501DB003B2F1B /* Debug */,
				BD49251820F501DB003B2F1B /* Release */,
			);
			defaultConfigurationIsVisible = 0;
			defaultConfigurationName = Release;
		};
/* End XCConfigurationList section */
	};
	rootObject = BD4924FC20F501D8003B2F1B /* Project object */;
}
